
Microsoft Visual Studio Solution File, Format Version 12.00
# Visual Studio 15
VisualStudioVersion = 15.0.27428.2037
MinimumVisualStudioVersion = 10.0.40219.1
Project("{8BC9CEB8-8B4A-11D0-8D11-00A0C91BC942}") = "FinalProject", "FinalProject\FinalProject.vcxproj", "{BE168FCD-2FBA-4B2C-858D-9688E7854A04}"
EndProject
Global
	GlobalSection(SolutionConfigurationPlatforms) = preSolution
		Debug|x64 = Debug|x64
		Debug|x86 = Debug|x86
		Release|x64 = Release|x64
		Release|x86 = Release|x86
	EndGlobalSection
	GlobalSection(ProjectConfigurationPlatforms) = postSolution
		{BE168FCD-2FBA-4B2C-858D-9688E7854A04}.Debug|x64.ActiveCfg = Debug|x64
		{BE168FCD-2FBA-4B2C-858D-9688E7854A04}.Debug|x64.Build.0 = Debug|x64
		{BE168FCD-2FBA-4B2C-858D-9688E7854A04}.Debug|x86.ActiveCfg = Debug|Win32
		{BE168FCD-2FBA-4B2C-858D-9688E7854A04}.Debug|x86.Build.0 = Debug|Win32
		{BE168FCD-2FBA-4B2C-858D-9688E7854A04}.Release|x64.ActiveCfg = Release|x64
		{BE168FCD-2FBA-4B2C-858D-9688E7854A04}.Release|x64.Build.0 = Release|x64
		{BE168FCD-2FBA-4B2C-858D-9688E7854A04}.Release|x86.ActiveCfg = Release|Win32
		{BE168FCD-2FBA-4B2C-858D-9688E7854A04}.Release|x86.Build.0 = Release|Win32
	EndGlobalSection
	GlobalSection(SolutionProperties) = preSolution
		HideSolutionNode = FALSE
	EndGlobalSection
	GlobalSection(ExtensibilityGlobals) = postSolution
		SolutionGuid = {0A832EEE-E8CF-4197-9FA2-BA4AD77D7314}
	EndGlobalSection
EndGlobal
